# THIS IS AN AUTOGENERATED FILE. DO NOT EDIT THIS FILE DIRECTLY.
# yarn lockfile v1


color-name-list@^7.30.0:
  version "7.30.0"
  resolved "https://registry.yarnpkg.com/color-name-list/-/color-name-list-7.30.0.tgz#c3791e73bcf4e684449db6f940654013a8c09cbd"
  integrity sha512-JM2eYZTg6+/jFVBD15FxFKThd6EjG9Y8aqGErxurzhbYNm2wGgSKCduibVOZvQcjaZ9pIJyRPVh+5ac7AzKNug==

nearest-color@^0.4.4:
  version "0.4.4"
  resolved "https://registry.yarnpkg.com/nearest-color/-/nearest-color-0.4.4.tgz#fb812072b511f4f09a0a316903332e09fa5d7f1d"
  integrity sha512-orhcaIORC10tf41Ld2wwlcC+FaAavHG87JHWB3eHH5p7v2k9Tzym2XNEZzLAm5YJwGv6Q38WWc7SOb+Qfu/4NQ==
